{
  "sources": {
    "prepare-env": {
      "path": "."
    },
    "yum-epel": {
      "locked_version": "0.2.0"
    },
    "yum-repoforge": {
      "locked_version": "0.1.4"
    },
    "vim": {
      "locked_version": "1.1.2"
    },
    "git": {
      "locked_version": "2.8.4"
    },
    "yum": {
      "locked_version": "3.1.0"
    },
    "rbenv": {
      "locked_version": "1.7.1"
    },
    "build-essential": {
      "locked_version": "1.4.2"
    },
    "apt": {
      "locked_version": "2.3.8"
    },
    "ohai": {
      "locked_version": "1.1.12"
    },
    "dmg": {
      "locked_version": "2.1.4"
    },
    "windows": {
      "locked_version": "1.30.0"
    },
    "chef_handler": {
      "locked_version": "1.1.4"
    },
    "runit": {
      "locked_version": "1.5.8"
    }
  }
}
